schema: '2.0'
stages:
  clean_data:
    cmd: python process_data.py
    deps:
    - path: data/WA_Fn-UseC_-Telco-Customer-Churn.csv
      hash: md5
      md5: 83455d0ab7aee1c3d9f9c90b02420b9f
      size: 977260
    outs:
    - path: data/cleaned_data.csv
      hash: md5
      md5: ccfa4c8ffb076c8d4532afa42262bdab
      size: 894267
  encode_features:
    cmd: python process_data.py
    deps:
    - path: data/cleaned_data.csv
      hash: md5
      md5: ccfa4c8ffb076c8d4532afa42262bdab
      size: 894267
    outs:
    - path: data/encoded_data.csv
      hash: md5
      md5: 5aca282861aac09aff9672e04c0270a1
      size: 1201558
  split_data:
    cmd: python process_data.py
    deps:
    - path: data/encoded_data.csv
      hash: md5
      md5: 5aca282861aac09aff9672e04c0270a1
      size: 1201558
    outs:
    - path: data/test_data.csv
      hash: md5
      md5: 9efbac1e2704bcd04125952b2e7cb2e2
      size: 241026
    - path: data/train_data.csv
      hash: md5
      md5: b0c454fab72ec457a13e1a69ce007d2a
      size: 961210
